
Microsoft Visual Studio Solution File, Format Version 12.00
# Visual Studio Version 16
VisualStudioVersion = 16.0.33214.272
MinimumVisualStudioVersion = 10.0.40219.1
Project("{FAE04EC0-301F-11D3-BF4B-00C04F79EFBC}") = "difzach_ravkin", "difzach_ravkin\difzach_ravkin.csproj", "{C0878763-7165-4ADC-A4D2-C5D28444AE07}"
EndProject
Global
	GlobalSection(SolutionConfigurationPlatforms) = preSolution
		Debug|Any CPU = Debug|Any CPU
		Release|Any CPU = Release|Any CPU
	EndGlobalSection
	GlobalSection(ProjectConfigurationPlatforms) = postSolution
		{C0878763-7165-4ADC-A4D2-C5D28444AE07}.Debug|Any CPU.ActiveCfg = Debug|Any CPU
		{C0878763-7165-4ADC-A4D2-C5D28444AE07}.Debug|Any CPU.Build.0 = Debug|Any CPU
		{C0878763-7165-4ADC-A4D2-C5D28444AE07}.Release|Any CPU.ActiveCfg = Release|Any CPU
		{C0878763-7165-4ADC-A4D2-C5D28444AE07}.Release|Any CPU.Build.0 = Release|Any CPU
	EndGlobalSection
	GlobalSection(SolutionProperties) = preSolution
		HideSolutionNode = FALSE
	EndGlobalSection
	GlobalSection(ExtensibilityGlobals) = postSolution
		SolutionGuid = {902097B1-3661-4001-800D-7A0A295CEAB0}
	EndGlobalSection
EndGlobal
